
Microsoft Visual Studio Solution File, Format Version 12.00
# Visual Studio Version 17
VisualStudioVersion = 17.14.36623.8 d17.14
MinimumVisualStudioVersion = 10.0.40219.1
Project("{FAE04EC0-301F-11D3-BF4B-00C04F79EFBC}") = "Linguagem C# AP2 1.0", "Linguagem C# AP2 1.0\Linguagem C# AP2 1.0.csproj", "{59A68E0C-52F9-4B2D-AEBF-9037A3DBD592}"
EndProject
Global
	GlobalSection(SolutionConfigurationPlatforms) = preSolution
		Debug|Any CPU = Debug|Any CPU
		Release|Any CPU = Release|Any CPU
	EndGlobalSection
	GlobalSection(ProjectConfigurationPlatforms) = postSolution
		{59A68E0C-52F9-4B2D-AEBF-9037A3DBD592}.Debug|Any CPU.ActiveCfg = Debug|Any CPU
		{59A68E0C-52F9-4B2D-AEBF-9037A3DBD592}.Debug|Any CPU.Build.0 = Debug|Any CPU
		{59A68E0C-52F9-4B2D-AEBF-9037A3DBD592}.Release|Any CPU.ActiveCfg = Release|Any CPU
		{59A68E0C-52F9-4B2D-AEBF-9037A3DBD592}.Release|Any CPU.Build.0 = Release|Any CPU
	EndGlobalSection
	GlobalSection(SolutionProperties) = preSolution
		HideSolutionNode = FALSE
	EndGlobalSection
	GlobalSection(ExtensibilityGlobals) = postSolution
		SolutionGuid = {ED9E7C62-A603-43B8-97D4-072EC455170D}
	EndGlobalSection
EndGlobal
